
Microsoft Visual Studio Solution File, Format Version 12.00
# Visual Studio Version 16
VisualStudioVersion = 16.0.30621.155
MinimumVisualStudioVersion = 10.0.40219.1
Project("{FAE04EC0-301F-11D3-BF4B-00C04F79EFBC}") = "Zad1", "Zad1\Zad1.csproj", "{CF8903E2-C6F6-42F1-B6D8-C7ADC0CC5EE9}"
EndProject
Project("{FAE04EC0-301F-11D3-BF4B-00C04F79EFBC}") = "Zad2", "Zad2\Zad2.csproj", "{F2BFEFB2-EC50-433D-822F-FAF0206997A2}"
EndProject
Project("{FAE04EC0-301F-11D3-BF4B-00C04F79EFBC}") = "Zad3", "Zad3\Zad3.csproj", "{C30E3C49-9BCF-4916-96DA-DEBF33608B05}"
EndProject
Global
	GlobalSection(SolutionConfigurationPlatforms) = preSolution
		Debug|Any CPU = Debug|Any CPU
		Release|Any CPU = Release|Any CPU
	EndGlobalSection
	GlobalSection(ProjectConfigurationPlatforms) = postSolution
		{CF8903E2-C6F6-42F1-B6D8-C7ADC0CC5EE9}.Debug|Any CPU.ActiveCfg = Debug|Any CPU
		{CF8903E2-C6F6-42F1-B6D8-C7ADC0CC5EE9}.Debug|Any CPU.Build.0 = Debug|Any CPU
		{CF8903E2-C6F6-42F1-B6D8-C7ADC0CC5EE9}.Release|Any CPU.ActiveCfg = Release|Any CPU
		{CF8903E2-C6F6-42F1-B6D8-C7ADC0CC5EE9}.Release|Any CPU.Build.0 = Release|Any CPU
		{F2BFEFB2-EC50-433D-822F-FAF0206997A2}.Debug|Any CPU.ActiveCfg = Debug|Any CPU
		{F2BFEFB2-EC50-433D-822F-FAF0206997A2}.Debug|Any CPU.Build.0 = Debug|Any CPU
		{F2BFEFB2-EC50-433D-822F-FAF0206997A2}.Release|Any CPU.ActiveCfg = Release|Any CPU
		{F2BFEFB2-EC50-433D-822F-FAF0206997A2}.Release|Any CPU.Build.0 = Release|Any CPU
		{C30E3C49-9BCF-4916-96DA-DEBF33608B05}.Debug|Any CPU.ActiveCfg = Debug|Any CPU
		{C30E3C49-9BCF-4916-96DA-DEBF33608B05}.Debug|Any CPU.Build.0 = Debug|Any CPU
		{C30E3C49-9BCF-4916-96DA-DEBF33608B05}.Release|Any CPU.ActiveCfg = Release|Any CPU
		{C30E3C49-9BCF-4916-96DA-DEBF33608B05}.Release|Any CPU.Build.0 = Release|Any CPU
	EndGlobalSection
	GlobalSection(SolutionProperties) = preSolution
		HideSolutionNode = FALSE
	EndGlobalSection
	GlobalSection(ExtensibilityGlobals) = postSolution
		SolutionGuid = {0F326CC1-EF28-469A-96C7-19E901C2027C}
	EndGlobalSection
EndGlobal
