
Microsoft Visual Studio Solution File, Format Version 12.00
# Visual Studio Version 16
VisualStudioVersion = 16.0.30711.63
MinimumVisualStudioVersion = 10.0.40219.1
Project("{9A19103F-16F7-4668-BE54-9A1E7A4F7556}") = "Zad1", "Zad1\Zad1.csproj", "{9E9E144B-1943-433D-8779-E5FAF8FE22DA}"
EndProject
Project("{FAE04EC0-301F-11D3-BF4B-00C04F79EFBC}") = "Zad2", "Zad2\Zad2.csproj", "{1FCA3F42-0C0C-4241-89E1-9298D1BFB1B5}"
EndProject
Global
	GlobalSection(SolutionConfigurationPlatforms) = preSolution
		Debug|Any CPU = Debug|Any CPU
		Release|Any CPU = Release|Any CPU
	EndGlobalSection
	GlobalSection(ProjectConfigurationPlatforms) = postSolution
		{9E9E144B-1943-433D-8779-E5FAF8FE22DA}.Debug|Any CPU.ActiveCfg = Debug|Any CPU
		{9E9E144B-1943-433D-8779-E5FAF8FE22DA}.Debug|Any CPU.Build.0 = Debug|Any CPU
		{9E9E144B-1943-433D-8779-E5FAF8FE22DA}.Release|Any CPU.ActiveCfg = Release|Any CPU
		{9E9E144B-1943-433D-8779-E5FAF8FE22DA}.Release|Any CPU.Build.0 = Release|Any CPU
		{1FCA3F42-0C0C-4241-89E1-9298D1BFB1B5}.Debug|Any CPU.ActiveCfg = Debug|Any CPU
		{1FCA3F42-0C0C-4241-89E1-9298D1BFB1B5}.Debug|Any CPU.Build.0 = Debug|Any CPU
		{1FCA3F42-0C0C-4241-89E1-9298D1BFB1B5}.Release|Any CPU.ActiveCfg = Release|Any CPU
		{1FCA3F42-0C0C-4241-89E1-9298D1BFB1B5}.Release|Any CPU.Build.0 = Release|Any CPU
	EndGlobalSection
	GlobalSection(SolutionProperties) = preSolution
		HideSolutionNode = FALSE
	EndGlobalSection
	GlobalSection(ExtensibilityGlobals) = postSolution
		SolutionGuid = {B9B52350-6CC5-4636-8750-6E2E2FCD9F3C}
	EndGlobalSection
EndGlobal
