
Microsoft Visual Studio Solution File, Format Version 12.00
# Visual Studio Version 16
VisualStudioVersion = 16.0.30717.126
MinimumVisualStudioVersion = 10.0.40219.1
Project("{9A19103F-16F7-4668-BE54-9A1E7A4F7556}") = "Zad1", "Zad1\Zad1.csproj", "{755486F8-92A9-4C19-81A8-1B38424D9ECD}"
EndProject
Project("{FAE04EC0-301F-11D3-BF4B-00C04F79EFBC}") = "Zad2", "Zad2\Zad2.csproj", "{31083974-C58B-40B3-9694-BA04174E7C88}"
EndProject
Project("{FAE04EC0-301F-11D3-BF4B-00C04F79EFBC}") = "Zad3", "Zad3\Zad3.csproj", "{DDE845AB-284D-4CB2-BBF0-760F9F6CAD2D}"
EndProject
Project("{FAE04EC0-301F-11D3-BF4B-00C04F79EFBC}") = "Zad4", "Zad4\Zad4.csproj", "{B03BFFBD-D0DE-4F88-9231-F4AE8C2717EB}"
EndProject
Project("{FAE04EC0-301F-11D3-BF4B-00C04F79EFBC}") = "Zad5", "Zad5\Zad5.csproj", "{62DAC7E8-AEF7-4F03-BF56-D552A0FE79EE}"
EndProject
Global
	GlobalSection(SolutionConfigurationPlatforms) = preSolution
		Debug|Any CPU = Debug|Any CPU
		Release|Any CPU = Release|Any CPU
	EndGlobalSection
	GlobalSection(ProjectConfigurationPlatforms) = postSolution
		{755486F8-92A9-4C19-81A8-1B38424D9ECD}.Debug|Any CPU.ActiveCfg = Debug|Any CPU
		{755486F8-92A9-4C19-81A8-1B38424D9ECD}.Debug|Any CPU.Build.0 = Debug|Any CPU
		{755486F8-92A9-4C19-81A8-1B38424D9ECD}.Release|Any CPU.ActiveCfg = Release|Any CPU
		{755486F8-92A9-4C19-81A8-1B38424D9ECD}.Release|Any CPU.Build.0 = Release|Any CPU
		{31083974-C58B-40B3-9694-BA04174E7C88}.Debug|Any CPU.ActiveCfg = Debug|Any CPU
		{31083974-C58B-40B3-9694-BA04174E7C88}.Debug|Any CPU.Build.0 = Debug|Any CPU
		{31083974-C58B-40B3-9694-BA04174E7C88}.Release|Any CPU.ActiveCfg = Release|Any CPU
		{31083974-C58B-40B3-9694-BA04174E7C88}.Release|Any CPU.Build.0 = Release|Any CPU
		{DDE845AB-284D-4CB2-BBF0-760F9F6CAD2D}.Debug|Any CPU.ActiveCfg = Debug|Any CPU
		{DDE845AB-284D-4CB2-BBF0-760F9F6CAD2D}.Debug|Any CPU.Build.0 = Debug|Any CPU
		{DDE845AB-284D-4CB2-BBF0-760F9F6CAD2D}.Release|Any CPU.ActiveCfg = Release|Any CPU
		{DDE845AB-284D-4CB2-BBF0-760F9F6CAD2D}.Release|Any CPU.Build.0 = Release|Any CPU
		{B03BFFBD-D0DE-4F88-9231-F4AE8C2717EB}.Debug|Any CPU.ActiveCfg = Debug|Any CPU
		{B03BFFBD-D0DE-4F88-9231-F4AE8C2717EB}.Debug|Any CPU.Build.0 = Debug|Any CPU
		{B03BFFBD-D0DE-4F88-9231-F4AE8C2717EB}.Release|Any CPU.ActiveCfg = Release|Any CPU
		{B03BFFBD-D0DE-4F88-9231-F4AE8C2717EB}.Release|Any CPU.Build.0 = Release|Any CPU
		{62DAC7E8-AEF7-4F03-BF56-D552A0FE79EE}.Debug|Any CPU.ActiveCfg = Debug|Any CPU
		{62DAC7E8-AEF7-4F03-BF56-D552A0FE79EE}.Debug|Any CPU.Build.0 = Debug|Any CPU
		{62DAC7E8-AEF7-4F03-BF56-D552A0FE79EE}.Release|Any CPU.ActiveCfg = Release|Any CPU
		{62DAC7E8-AEF7-4F03-BF56-D552A0FE79EE}.Release|Any CPU.Build.0 = Release|Any CPU
	EndGlobalSection
	GlobalSection(SolutionProperties) = preSolution
		HideSolutionNode = FALSE
	EndGlobalSection
	GlobalSection(ExtensibilityGlobals) = postSolution
		SolutionGuid = {BDA084FD-FA37-48A4-92B0-E33BFD51DB00}
	EndGlobalSection
EndGlobal
