
Microsoft Visual Studio Solution File, Format Version 12.00
# Visual Studio Version 16
VisualStudioVersion = 16.0.30523.141
MinimumVisualStudioVersion = 10.0.40219.1
Project("{FAE04EC0-301F-11D3-BF4B-00C04F79EFBC}") = "dotNet_Lab2_zad1", "dotNet_Lab2_zad1\dotNet_Lab2_zad1.csproj", "{E1FA7463-04B4-49DB-8A8B-CE8BEA5D3419}"
EndProject
Global
	GlobalSection(SolutionConfigurationPlatforms) = preSolution
		Debug|Any CPU = Debug|Any CPU
		Release|Any CPU = Release|Any CPU
	EndGlobalSection
	GlobalSection(ProjectConfigurationPlatforms) = postSolution
		{E1FA7463-04B4-49DB-8A8B-CE8BEA5D3419}.Debug|Any CPU.ActiveCfg = Debug|Any CPU
		{E1FA7463-04B4-49DB-8A8B-CE8BEA5D3419}.Debug|Any CPU.Build.0 = Debug|Any CPU
		{E1FA7463-04B4-49DB-8A8B-CE8BEA5D3419}.Release|Any CPU.ActiveCfg = Release|Any CPU
		{E1FA7463-04B4-49DB-8A8B-CE8BEA5D3419}.Release|Any CPU.Build.0 = Release|Any CPU
	EndGlobalSection
	GlobalSection(SolutionProperties) = preSolution
		HideSolutionNode = FALSE
	EndGlobalSection
	GlobalSection(ExtensibilityGlobals) = postSolution
		SolutionGuid = {4878BCEB-9DBD-4AF0-9566-14A726AE4FBE}
	EndGlobalSection
EndGlobal
